github.com/Slidem/ftreedepth v0.0.1 h1:eytti9zJY7MxTPu9smDxajGEXigUYJSnhDpz3xPrMZw=
github.com/Slidem/ftreedepth v0.0.1/go.mod h1:oOjkVVkZD7G+R+AU6hP+6sPNwD4suvT7CwKzgVhsLss=
github.com/Slidem/inplaceenvsubst v0.0.1 h1:wa7qVGeCJc4CoO/ApcRmWZuoJVOMmXGUHj8SyeIYzT8=
github.com/Slidem/inplaceenvsubst v0.0.1/go.mod h1:gHE5QknBzY+Z0hS+2/olMFJriVpMrhVqpIcZeeoLvOE=
